dependencies:
- name: postgresql
  repository: https://charts.bitnami.com/bitnami
  version: 10.4.6
- name: minio
  repository: https://charts.bitnami.com/bitnami
  version: 6.7.13
digest: sha256:23c18ada9e1efcdb9404cf0432540b2e01a6da03e466a434af39e5cb594c4e80
generated: "2021-05-30T17:07:49.720497-03:00"
