dependencies:
- name: postgresql
  repository: https://charts.bitnami.com/bitnami
  version: 11.6.3
- name: minio
  repository: https://charts.bitnami.com/bitnami
  version: 11.6.7
digest: sha256:c2454f4f15882f66b934a6a8069cba6040debfde420dda2957f74fd17f8fd3d8
generated: "2022-06-05T20:53:36.678348-03:00"
